
Microsoft Visual Studio Solution File, Format Version 12.00
# Visual Studio Version 16
VisualStudioVersion = 16.0.31019.35
MinimumVisualStudioVersion = 10.0.40219.1
Project("{FAE04EC0-301F-11D3-BF4B-00C04F79EFBC}") = "MovieRater.WebAPI", "MovieRater.WebAPI\MovieRater.WebAPI.csproj", "{571EF480-A8A7-4AA6-AA91-9E863BF797D8}"
EndProject
Project("{FAE04EC0-301F-11D3-BF4B-00C04F79EFBC}") = "MovieRater.Data", "MovieRater.Data\MovieRater.Data.csproj", "{E3E4A431-5253-422E-8AD5-E36BF9C62058}"
EndProject
Project("{FAE04EC0-301F-11D3-BF4B-00C04F79EFBC}") = "MovieRater.Models", "MovieRater.Models\MovieRater.Models.csproj", "{544A5733-F7E2-433A-8B85-EA1498FA2266}"
EndProject
Project("{FAE04EC0-301F-11D3-BF4B-00C04F79EFBC}") = "MovieRater.Services", "MovieRater.Services\MovieRater.Services.csproj", "{12A17E75-4C5C-4EEF-ACD7-7960051112F4}"
EndProject
Global
	GlobalSection(SolutionConfigurationPlatforms) = preSolution
		Debug|Any CPU = Debug|Any CPU
		Release|Any CPU = Release|Any CPU
	EndGlobalSection
	GlobalSection(ProjectConfigurationPlatforms) = postSolution
		{571EF480-A8A7-4AA6-AA91-9E863BF797D8}.Debug|Any CPU.ActiveCfg = Debug|Any CPU
		{571EF480-A8A7-4AA6-AA91-9E863BF797D8}.Debug|Any CPU.Build.0 = Debug|Any CPU
		{571EF480-A8A7-4AA6-AA91-9E863BF797D8}.Release|Any CPU.ActiveCfg = Release|Any CPU
		{571EF480-A8A7-4AA6-AA91-9E863BF797D8}.Release|Any CPU.Build.0 = Release|Any CPU
		{E3E4A431-5253-422E-8AD5-E36BF9C62058}.Debug|Any CPU.ActiveCfg = Debug|Any CPU
		{E3E4A431-5253-422E-8AD5-E36BF9C62058}.Debug|Any CPU.Build.0 = Debug|Any CPU
		{E3E4A431-5253-422E-8AD5-E36BF9C62058}.Release|Any CPU.ActiveCfg = Release|Any CPU
		{E3E4A431-5253-422E-8AD5-E36BF9C62058}.Release|Any CPU.Build.0 = Release|Any CPU
		{544A5733-F7E2-433A-8B85-EA1498FA2266}.Debug|Any CPU.ActiveCfg = Debug|Any CPU
		{544A5733-F7E2-433A-8B85-EA1498FA2266}.Debug|Any CPU.Build.0 = Debug|Any CPU
		{544A5733-F7E2-433A-8B85-EA1498FA2266}.Release|Any CPU.ActiveCfg = Release|Any CPU
		{544A5733-F7E2-433A-8B85-EA1498FA2266}.Release|Any CPU.Build.0 = Release|Any CPU
		{12A17E75-4C5C-4EEF-ACD7-7960051112F4}.Debug|Any CPU.ActiveCfg = Debug|Any CPU
		{12A17E75-4C5C-4EEF-ACD7-7960051112F4}.Debug|Any CPU.Build.0 = Debug|Any CPU
		{12A17E75-4C5C-4EEF-ACD7-7960051112F4}.Release|Any CPU.ActiveCfg = Release|Any CPU
		{12A17E75-4C5C-4EEF-ACD7-7960051112F4}.Release|Any CPU.Build.0 = Release|Any CPU
	EndGlobalSection
	GlobalSection(SolutionProperties) = preSolution
		HideSolutionNode = FALSE
	EndGlobalSection
	GlobalSection(ExtensibilityGlobals) = postSolution
		SolutionGuid = {FF5CD90A-C48F-4B48-B31A-7B6D13F0FD34}
	EndGlobalSection
EndGlobal
